// !$*UTF8*$!
{
	archiveVersion = 1;
	classes = {
	};
	objectVersion = 46;
	objects = {

/* Begin PBXBuildFile section */
		445BEDA3BD3AB5727595468E /* libPods-CuratedPassport.a in Frameworks */ = {isa = PBXBuildFile; fileRef = F4094175122A9A6F0BF46B0A /* libPods-CuratedPassport.a */; };
		5CA7277D1E73C7580072D6CC /* AppDelegate.swift in Sources */ = {isa = PBXBuildFile; fileRef = 5CA7277C1E73C7580072D6CC /* AppDelegate.swift */; };
		5CA727821E73C7590072D6CC /* Main.storyboard in Resources */ = {isa = PBXBuildFile; fileRef = 5CA727801E73C7590072D6CC /* Main.storyboard */; };
		5CA727841E73C7590072D6CC /* Assets.xcassets in Resources */ = {isa = PBXBuildFile; fileRef = 5CA727831E73C7590072D6CC /* Assets.xcassets */; };
		5CA727871E73C7590072D6CC /* LaunchScreen.storyboard in Resources */ = {isa = PBXBuildFile; fileRef = 5CA727851E73C7590072D6CC /* LaunchScreen.storyboard */; };
		5CA727931E73C8020072D6CC /* CPHomeViewController.swift in Sources */ = {isa = PBXBuildFile; fileRef = 5CA727921E73C8020072D6CC /* CPHomeViewController.swift */; };
		5CA727951E73C81E0072D6CC /* CPDataModel.swift in Sources */ = {isa = PBXBuildFile; fileRef = 5CA727941E73C81E0072D6CC /* CPDataModel.swift */; };
		5CA7279C1E73D6E60072D6CC /* SwiftyJSON.swift in Sources */ = {isa = PBXBuildFile; fileRef = 5CA7279A1E73D6E60072D6CC /* SwiftyJSON.swift */; };
		5CA727A01E73D7CC0072D6CC /* CPHttpRequest.swift in Sources */ = {isa = PBXBuildFile; fileRef = 5CA7279F1E73D7CC0072D6CC /* CPHttpRequest.swift */; };
		5CA727A51E7526620072D6CC /* qian.png in Resources */ = {isa = PBXBuildFile; fileRef = 5CA727A31E7526620072D6CC /* qian.png */; };
		5CA727A61E7526620072D6CC /* WechatIMG16.jpeg in Resources */ = {isa = PBXBuildFile; fileRef = 5CA727A41E7526620072D6CC /* WechatIMG16.jpeg */; };
		5CA727AB1E7533350072D6CC /* CycleScrollView.m in Sources */ = {isa = PBXBuildFile; fileRef = 5CA727A81E7533350072D6CC /* CycleScrollView.m */; };
		5CA727AC1E7533350072D6CC /* NSTimer+Addition.m in Sources */ = {isa = PBXBuildFile; fileRef = 5CA727AA1E7533350072D6CC /* NSTimer+Addition.m */; };
		5CA8620C1E7CC96800BD0113 /* CPMagazineViewCell.swift in Sources */ = {isa = PBXBuildFile; fileRef = 5CA8620A1E7CC96800BD0113 /* CPMagazineViewCell.swift */; };
		5CA8620D1E7CC96800BD0113 /* CPMagazineViewCell.xib in Resources */ = {isa = PBXBuildFile; fileRef = 5CA8620B1E7CC96800BD0113 /* CPMagazineViewCell.xib */; };
		5CA862141E7CC99E00BD0113 /* CPNotifyViewCell.swift in Sources */ = {isa = PBXBuildFile; fileRef = 5CA862121E7CC99E00BD0113 /* CPNotifyViewCell.swift */; };
		5CA862151E7CC99E00BD0113 /* CPNotifyViewCell.xib in Resources */ = {isa = PBXBuildFile; fileRef = 5CA862131E7CC99E00BD0113 /* CPNotifyViewCell.xib */; };
		5CA862181E7CC9FE00BD0113 /* CPLocaViewCell.swift in Sources */ = {isa = PBXBuildFile; fileRef = 5CA862161E7CC9FE00BD0113 /* CPLocaViewCell.swift */; };
		5CA862191E7CC9FE00BD0113 /* CPLocaViewCell.xib in Resources */ = {isa = PBXBuildFile; fileRef = 5CA862171E7CC9FE00BD0113 /* CPLocaViewCell.xib */; };
		5CA8621C1E7CD3FD00BD0113 /* CPInfoViewCell.swift in Sources */ = {isa = PBXBuildFile; fileRef = 5CA8621A1E7CD3FD00BD0113 /* CPInfoViewCell.swift */; };
		5CA8621D1E7CD3FD00BD0113 /* CPInfoViewCell.xib in Resources */ = {isa = PBXBuildFile; fileRef = 5CA8621B1E7CD3FD00BD0113 /* CPInfoViewCell.xib */; };
/* End PBXBuildFile section */

/* Begin PBXFileReference section */
		5CA727791E73C7580072D6CC /* CuratedPassport.app */ = {isa = PBXFileReference; explicitFileType = wrapper.application; includeInIndex = 0; path = CuratedPassport.app; sourceTree = BUILT_PRODUCTS_DIR; };
		5CA7277C1E73C7580072D6CC /* AppDelegate.swift */ = {isa = PBXFileReference; lastKnownFileType = sourcecode.swift; path = AppDelegate.swift; sourceTree = "<group>"; };
		5CA727811E73C7590072D6CC /* Base */ = {isa = PBXFileReference; lastKnownFileType = file.storyboard; name = Base; path = Base.lproj/Main.storyboard; sourceTree = "<group>"; };
		5CA727831E73C7590072D6CC /* Assets.xcassets */ = {isa = PBXFileReference; lastKnownFileType = folder.assetcatalog; path = Assets.xcassets; sourceTree = "<group>"; };
		5CA727861E73C7590072D6CC /* Base */ = {isa = PBXFileReference; lastKnownFileType = file.storyboard; name = Base; path = Base.lproj/LaunchScreen.storyboard; sourceTree = "<group>"; };
		5CA727881E73C7590072D6CC /* Info.plist */ = {isa = PBXFileReference; lastKnownFileType = text.plist.xml; path = Info.plist; sourceTree = "<group>"; };
		5CA727921E73C8020072D6CC /* CPHomeViewController.swift */ = {isa = PBXFileReference; fileEncoding = 4; lastKnownFileType = sourcecode.swift; path = CPHomeViewController.swift; sourceTree = "<group>"; };
		5CA727941E73C81E0072D6CC /* CPDataModel.swift */ = {isa = PBXFileReference; fileEncoding = 4; lastKnownFileType = sourcecode.swift; path = CPDataModel.swift; sourceTree = "<group>"; };
		5CA7279A1E73D6E60072D6CC /* SwiftyJSON.swift */ = {isa = PBXFileReference; fileEncoding = 4; lastKnownFileType = sourcecode.swift; path = SwiftyJSON.swift; sourceTree = "<group>"; };
		5CA7279E1E73D7040072D6CC /* CPHeader.h */ = {isa = PBXFileReference; lastKnownFileType = sourcecode.c.h; path = CPHeader.h; sourceTree = "<group>"; };
		5CA7279F1E73D7CC0072D6CC /* CPHttpRequest.swift */ = {isa = PBXFileReference; fileEncoding = 4; lastKnownFileType = sourcecode.swift; path = CPHttpRequest.swift; sourceTree = "<group>"; };
		5CA727A31E7526620072D6CC /* qian.png */ = {isa = PBXFileReference; lastKnownFileType = image.png; path = qian.png; sourceTree = "<group>"; };
		5CA727A41E7526620072D6CC /* WechatIMG16.jpeg */ = {isa = PBXFileReference; lastKnownFileType = image.jpeg; path = WechatIMG16.jpeg; sourceTree = "<group>"; };
		5CA727A71E7533350072D6CC /* CycleScrollView.h */ = {isa = PBXFileReference; fileEncoding = 4; lastKnownFileType = sourcecode.c.h; path = CycleScrollView.h; sourceTree = "<group>"; };
		5CA727A81E7533350072D6CC /* CycleScrollView.m */ = {isa = PBXFileReference; fileEncoding = 4; lastKnownFileType = sourcecode.c.objc; path = CycleScrollView.m; sourceTree = "<group>"; };
		5CA727A91E7533350072D6CC /* NSTimer+Addition.h */ = {isa = PBXFileReference; fileEncoding = 4; lastKnownFileType = sourcecode.c.h; path = "NSTimer+Addition.h"; sourceTree = "<group>"; };
		5CA727AA1E7533350072D6CC /* NSTimer+Addition.m */ = {isa = PBXFileReference; fileEncoding = 4; lastKnownFileType = sourcecode.c.objc; path = "NSTimer+Addition.m"; sourceTree = "<group>"; };
		5CA8620A1E7CC96800BD0113 /* CPMagazineViewCell.swift */ = {isa = PBXFileReference; fileEncoding = 4; lastKnownFileType = sourcecode.swift; path = CPMagazineViewCell.swift; sourceTree = "<group>"; };
		5CA8620B1E7CC96800BD0113 /* CPMagazineViewCell.xib */ = {isa = PBXFileReference; fileEncoding = 4; lastKnownFileType = file.xib; path = CPMagazineViewCell.xib; sourceTree = "<group>"; };
		5CA862121E7CC99E00BD0113 /* CPNotifyViewCell.swift */ = {isa = PBXFileReference; fileEncoding = 4; lastKnownFileType = sourcecode.swift; path = CPNotifyViewCell.swift; sourceTree = "<group>"; };
		5CA862131E7CC99E00BD0113 /* CPNotifyViewCell.xib */ = {isa = PBXFileReference; fileEncoding = 4; lastKnownFileType = file.xib; path = CPNotifyViewCell.xib; sourceTree = "<group>"; };
		5CA862161E7CC9FE00BD0113 /* CPLocaViewCell.swift */ = {isa = PBXFileReference; fileEncoding = 4; lastKnownFileType = sourcecode.swift; path = CPLocaViewCell.swift; sourceTree = "<group>"; };
		5CA862171E7CC9FE00BD0113 /* CPLocaViewCell.xib */ = {isa = PBXFileReference; fileEncoding = 4; lastKnownFileType = file.xib; path = CPLocaViewCell.xib; sourceTree = "<group>"; };
		5CA8621A1E7CD3FD00BD0113 /* CPInfoViewCell.swift */ = {isa = PBXFileReference; fileEncoding = 4; lastKnownFileType = sourcecode.swift; path = CPInfoViewCell.swift; sourceTree = "<group>"; };
		5CA8621B1E7CD3FD00BD0113 /* CPInfoViewCell.xib */ = {isa = PBXFileReference; fileEncoding = 4; lastKnownFileType = file.xib; path = CPInfoViewCell.xib; sourceTree = "<group>"; };
		7155A26D009DBE4690C86F5E /* Pods-CuratedPassport.release.xcconfig */ = {isa = PBXFileReference; includeInIndex = 1; lastKnownFileType = text.xcconfig; name = "Pods-CuratedPassport.release.xcconfig"; path = "Pods/Target Support Files/Pods-CuratedPassport/Pods-CuratedPassport.release.xcconfig"; sourceTree = "<group>"; };
		97C9B833F7809A471963D866 /* Pods-CuratedPassport.debug.xcconfig */ = {isa = PBXFileReference; includeInIndex = 1; lastKnownFileType = text.xcconfig; name = "Pods-CuratedPassport.debug.xcconfig"; path = "Pods/Target Support Files/Pods-CuratedPassport/Pods-CuratedPassport.debug.xcconfig"; sourceTree = "<group>"; };
		F4094175122A9A6F0BF46B0A /* libPods-CuratedPassport.a */ = {isa = PBXFileReference; explicitFileType = archive.ar; includeInIndex = 0; path = "libPods-CuratedPassport.a"; sourceTree = BUILT_PRODUCTS_DIR; };
/* End PBXFileReference section */

/* Begin PBXFrameworksBuildPhase section */
		5CA727761E73C7580072D6CC /* Frameworks */ = {
			isa = PBXFrameworksBuildPhase;
			buildActionMask = 2147483647;
			files = (
				445BEDA3BD3AB5727595468E /* libPods-CuratedPassport.a in Frameworks */,
			);
			runOnlyForDeploymentPostprocessing = 0;
		};
/* End PBXFrameworksBuildPhase section */

/* Begin PBXGroup section */
		2329074E1C9F26F9B44F7093 /* Frameworks */ = {
			isa = PBXGroup;
			children = (
				F4094175122A9A6F0BF46B0A /* libPods-CuratedPassport.a */,
			);
			name = Frameworks;
			sourceTree = "<group>";
		};
		5CA727701E73C7580072D6CC = {
			isa = PBXGroup;
			children = (
				5CA7278E1E73C7DE0072D6CC /* CPControllers */,
				5CA7278F1E73C7DE0072D6CC /* CPModel */,
				5CA727901E73C7DE0072D6CC /* CPThird */,
				5CA727911E73C7DE0072D6CC /* CPViews */,
				5CA7277B1E73C7580072D6CC /* CuratedPassport */,
				5CA7277A1E73C7580072D6CC /* Products */,
				CF0707AEC1124C3E4BF6A0FB /* Pods */,
				2329074E1C9F26F9B44F7093 /* Frameworks */,
			);
			sourceTree = "<group>";
		};
		5CA7277A1E73C7580072D6CC /* Products */ = {
			isa = PBXGroup;
			children = (
				5CA727791E73C7580072D6CC /* CuratedPassport.app */,
			);
			name = Products;
			sourceTree = "<group>";
		};
		5CA7277B1E73C7580072D6CC /* CuratedPassport */ = {
			isa = PBXGroup;
			children = (
				5CA727A31E7526620072D6CC /* qian.png */,
				5CA727A41E7526620072D6CC /* WechatIMG16.jpeg */,
				5CA7277C1E73C7580072D6CC /* AppDelegate.swift */,
				5CA727801E73C7590072D6CC /* Main.storyboard */,
				5CA727831E73C7590072D6CC /* Assets.xcassets */,
				5CA727851E73C7590072D6CC /* LaunchScreen.storyboard */,
				5CA727881E73C7590072D6CC /* Info.plist */,
			);
			path = CuratedPassport;
			sourceTree = "<group>";
		};
		5CA7278E1E73C7DE0072D6CC /* CPControllers */ = {
			isa = PBXGroup;
			children = (
				5CA727921E73C8020072D6CC /* CPHomeViewController.swift */,
			);
			path = CPControllers;
			sourceTree = "<group>";
		};
		5CA7278F1E73C7DE0072D6CC /* CPModel */ = {
			isa = PBXGroup;
			children = (
				5CA727941E73C81E0072D6CC /* CPDataModel.swift */,
			);
			path = CPModel;
			sourceTree = "<group>";
		};
		5CA727901E73C7DE0072D6CC /* CPThird */ = {
			isa = PBXGroup;
			children = (
				5CA727A71E7533350072D6CC /* CycleScrollView.h */,
				5CA727A81E7533350072D6CC /* CycleScrollView.m */,
				5CA727A91E7533350072D6CC /* NSTimer+Addition.h */,
				5CA727AA1E7533350072D6CC /* NSTimer+Addition.m */,
				5CA7279A1E73D6E60072D6CC /* SwiftyJSON.swift */,
				5CA7279F1E73D7CC0072D6CC /* CPHttpRequest.swift */,
				5CA7279E1E73D7040072D6CC /* CPHeader.h */,
			);
			path = CPThird;
			sourceTree = "<group>";
		};
		5CA727911E73C7DE0072D6CC /* CPViews */ = {
			isa = PBXGroup;
			children = (
				5CA8620A1E7CC96800BD0113 /* CPMagazineViewCell.swift */,
				5CA8620B1E7CC96800BD0113 /* CPMagazineViewCell.xib */,
				5CA862121E7CC99E00BD0113 /* CPNotifyViewCell.swift */,
				5CA862131E7CC99E00BD0113 /* CPNotifyViewCell.xib */,
				5CA862161E7CC9FE00BD0113 /* CPLocaViewCell.swift */,
				5CA862171E7CC9FE00BD0113 /* CPLocaViewCell.xib */,
				5CA8621A1E7CD3FD00BD0113 /* CPInfoViewCell.swift */,
				5CA8621B1E7CD3FD00BD0113 /* CPInfoViewCell.xib */,
			);
			path = CPViews;
			sourceTree = "<group>";
		};
		CF0707AEC1124C3E4BF6A0FB /* Pods */ = {
			isa = PBXGroup;
			children = (
				97C9B833F7809A471963D866 /* Pods-CuratedPassport.debug.xcconfig */,
				7155A26D009DBE4690C86F5E /* Pods-CuratedPassport.release.xcconfig */,
			);
			name = Pods;
			sourceTree = "<group>";
		};
/* End PBXGroup section */

/* Begin PBXNativeTarget section */
		5CA727781E73C7580072D6CC /* CuratedPassport */ = {
			isa = PBXNativeTarget;
			buildConfigurationList = 5CA7278B1E73C7590072D6CC /* Build configuration list for PBXNativeTarget "CuratedPassport" */;
			buildPhases = (
				9FFAC37CECF6EE97C9850D2A /* [CP] Check Pods Manifest.lock */,
				5CA727751E73C7580072D6CC /* Sources */,
				5CA727761E73C7580072D6CC /* Frameworks */,
				5CA727771E73C7580072D6CC /* Resources */,
				2FA0985E39D288F2B546CCD0 /* [CP] Embed Pods Frameworks */,
				8DF426DDD9D193A11F5DF5F6 /* [CP] Copy Pods Resources */,
			);
			buildRules = (
			);
			dependencies = (
			);
			name = CuratedPassport;
			productName = CuratedPassport;
			productReference = 5CA727791E73C7580072D6CC /* CuratedPassport.app */;
			productType = "com.apple.product-type.application";
		};
/* End PBXNativeTarget section */

/* Begin PBXProject section */
		5CA727711E73C7580072D6CC /* Project object */ = {
			isa = PBXProject;
			attributes = {
				LastSwiftUpdateCheck = 0820;
				LastUpgradeCheck = 0820;
				ORGANIZATIONNAME = ICCorg;
				TargetAttributes = {
					5CA727781E73C7580072D6CC = {
						CreatedOnToolsVersion = 8.2.1;
						DevelopmentTeam = 696CWE7V3A;
						ProvisioningStyle = Automatic;
					};
				};
			};
			buildConfigurationList = 5CA727741E73C7580072D6CC /* Build configuration list for PBXProject "CuratedPassport" */;
			compatibilityVersion = "Xcode 3.2";
			developmentRegion = English;
			hasScannedForEncodings = 0;
			knownRegions = (
				en,
				Base,
			);
			mainGroup = 5CA727701E73C7580072D6CC;
			productRefGroup = 5CA7277A1E73C7580072D6CC /* Products */;
			projectDirPath = "";
			projectRoot = "";
			targets = (
				5CA727781E73C7580072D6CC /* CuratedPassport */,
			);
		};
/* End PBXProject section */

/* Begin PBXResourcesBuildPhase section */
		5CA727771E73C7580072D6CC /* Resources */ = {
			isa = PBXResourcesBuildPhase;
			buildActionMask = 2147483647;
			files = (
				5CA727A51E7526620072D6CC /* qian.png in Resources */,
				5CA727871E73C7590072D6CC /* LaunchScreen.storyboard in Resources */,
				5CA727A61E7526620072D6CC /* WechatIMG16.jpeg in Resources */,
				5CA862151E7CC99E00BD0113 /* CPNotifyViewCell.xib in Resources */,
				5CA727841E73C7590072D6CC /* Assets.xcassets in Resources */,
				5CA8621D1E7CD3FD00BD0113 /* CPInfoViewCell.xib in Resources */,
				5CA727821E73C7590072D6CC /* Main.storyboard in Resources */,
				5CA862191E7CC9FE00BD0113 /* CPLocaViewCell.xib in Resources */,
				5CA8620D1E7CC96800BD0113 /* CPMagazineViewCell.xib in Resources */,
			);
			runOnlyForDeploymentPostprocessing = 0;
		};
/* End PBXResourcesBuildPhase section */

/* Begin PBXShellScriptBuildPhase section */
		2FA0985E39D288F2B546CCD0 /* [CP] Embed Pods Frameworks */ = {
			isa = PBXShellScriptBuildPhase;
			buildActionMask = 2147483647;
			files = (
			);
			inputPaths = (
			);
			name = "[CP] Embed Pods Frameworks";
			outputPaths = (
			);
			runOnlyForDeploymentPostprocessing = 0;
			shellPath = /bin/sh;
			shellScript = "\"${SRCROOT}/Pods/Target Support Files/Pods-CuratedPassport/Pods-CuratedPassport-frameworks.sh\"\n";
			showEnvVarsInLog = 0;
		};
		8DF426DDD9D193A11F5DF5F6 /* [CP] Copy Pods Resources */ = {
			isa = PBXShellScriptBuildPhase;
			buildActionMask = 2147483647;
			files = (
			);
			inputPaths = (
			);
			name = "[CP] Copy Pods Resources";
			outputPaths = (
			);
			runOnlyForDeploymentPostprocessing = 0;
			shellPath = /bin/sh;
			shellScript = "\"${SRCROOT}/Pods/Target Support Files/Pods-CuratedPassport/Pods-CuratedPassport-resources.sh\"\n";
			showEnvVarsInLog = 0;
		};
		9FFAC37CECF6EE97C9850D2A /* [CP] Check Pods Manifest.lock */ = {
			isa = PBXShellScriptBuildPhase;
			buildActionMask = 2147483647;
			files = (
			);
			inputPaths = (
			);
			name = "[CP] Check Pods Manifest.lock";
			outputPaths = (
			);
			runOnlyForDeploymentPostprocessing = 0;
			shellPath = /bin/sh;
			shellScript = "diff \"${PODS_ROOT}/../Podfile.lock\" \"${PODS_ROOT}/Manifest.lock\" > /dev/null\nif [ $? != 0 ] ; then\n    # print error to STDERR\n    echo \"error: The sandbox is not in sync with the Podfile.lock. Run 'pod install' or update your CocoaPods installation.\" >&2\n    exit 1\nfi\n";
			showEnvVarsInLog = 0;
		};
/* End PBXShellScriptBuildPhase section */

/* Begin PBXSourcesBuildPhase section */
		5CA727751E73C7580072D6CC /* Sources */ = {
			isa = PBXSourcesBuildPhase;
			buildActionMask = 2147483647;
			files = (
				5CA727931E73C8020072D6CC /* CPHomeViewController.swift in Sources */,
				5CA727AB1E7533350072D6CC /* CycleScrollView.m in Sources */,
				5CA727A01E73D7CC0072D6CC /* CPHttpRequest.swift in Sources */,
				5CA727951E73C81E0072D6CC /* CPDataModel.swift in Sources */,
				5CA7279C1E73D6E60072D6CC /* SwiftyJSON.swift in Sources */,
				5CA8621C1E7CD3FD00BD0113 /* CPInfoViewCell.swift in Sources */,
				5CA862181E7CC9FE00BD0113 /* CPLocaViewCell.swift in Sources */,
				5CA862141E7CC99E00BD0113 /* CPNotifyViewCell.swift in Sources */,
				5CA8620C1E7CC96800BD0113 /* CPMagazineViewCell.swift in Sources */,
				5CA727AC1E7533350072D6CC /* NSTimer+Addition.m in Sources */,
				5CA7277D1E73C7580072D6CC /* AppDelegate.swift in Sources */,
			);
			runOnlyForDeploymentPostprocessing = 0;
		};
/* End PBXSourcesBuildPhase section */

/* Begin PBXVariantGroup section */
		5CA727801E73C7590072D6CC /* Main.storyboard */ = {
			isa = PBXVariantGroup;
			children = (
				5CA727811E73C7590072D6CC /* Base */,
			);
			name = Main.storyboard;
			sourceTree = "<group>";
		};
		5CA727851E73C7590072D6CC /* LaunchScreen.storyboard */ = {
			isa = PBXVariantGroup;
			children = (
				5CA727861E73C7590072D6CC /* Base */,
			);
			name = LaunchScreen.storyboard;
			sourceTree = "<group>";
		};
/* End PBXVariantGroup section */

/* Begin XCBuildConfiguration section */
		5CA727891E73C7590072D6CC /* Debug */ = {
			isa = XCBuildConfiguration;
			buildSettings = {
				ALWAYS_SEARCH_USER_PATHS = NO;
				CLANG_ANALYZER_NONNULL = YES;
				CLANG_CXX_LANGUAGE_STANDARD = "gnu++0x";
				CLANG_CXX_LIBRARY = "libc++";
				CLANG_ENABLE_MODULES = YES;
				CLANG_ENABLE_OBJC_ARC = YES;
				CLANG_WARN_BOOL_CONVERSION = YES;
				CLANG_WARN_CONSTANT_CONVERSION = YES;
				CLANG_WARN_DIRECT_OBJC_ISA_USAGE = YES_ERROR;
				CLANG_WARN_DOCUMENTATION_COMMENTS = YES;
				CLANG_WARN_EMPTY_BODY = YES;
				CLANG_WARN_ENUM_CONVERSION = YES;
				CLANG_WARN_INFINITE_RECURSION = YES;
				CLANG_WARN_INT_CONVERSION = YES;
				CLANG_WARN_OBJC_ROOT_CLASS = YES_ERROR;
				CLANG_WARN_SUSPICIOUS_MOVE = YES;
				CLANG_WARN_UNREACHABLE_CODE = YES;
				CLANG_WARN__DUPLICATE_METHOD_MATCH = YES;
				"CODE_SIGN_IDENTITY[sdk=iphoneos*]" = "iPhone Developer";
				COPY_PHASE_STRIP = NO;
				DEBUG_INFORMATION_FORMAT = dwarf;
				ENABLE_STRICT_OBJC_MSGSEND = YES;
				ENABLE_TESTABILITY = YES;
				GCC_C_LANGUAGE_STANDARD = gnu99;
				GCC_DYNAMIC_NO_PIC = NO;
				GCC_NO_COMMON_BLOCKS = YES;
				GCC_OPTIMIZATION_LEVEL = 0;
				GCC_PREPROCESSOR_DEFINITIONS = (
					"DEBUG=1",
					"$(inherited)",
				);
				GCC_WARN_64_TO_32_BIT_CONVERSION = YES;
				GCC_WARN_ABOUT_RETURN_TYPE = YES_ERROR;
				GCC_WARN_UNDECLARED_SELECTOR = YES;
				GCC_WARN_UNINITIALIZED_AUTOS = YES_AGGRESSIVE;
				GCC_WARN_UNUSED_FUNCTION = YES;
				GCC_WARN_UNUSED_VARIABLE = YES;
				IPHONEOS_DEPLOYMENT_TARGET = 10.2;
				MTL_ENABLE_DEBUG_INFO = YES;
				ONLY_ACTIVE_ARCH = YES;
				SDKROOT = iphoneos;
				SWIFT_ACTIVE_COMPILATION_CONDITIONS = DEBUG;
				SWIFT_OPTIMIZATION_LEVEL = "-Onone";
				TARGETED_DEVICE_FAMILY = "1,2";
			};
			name = Debug;
		};
		5CA7278A1E73C7590072D6CC /* Release */ = {
			isa = XCBuildConfiguration;
			buildSettings = {
				ALWAYS_SEARCH_USER_PATHS = NO;
				CLANG_ANALYZER_NONNULL = YES;
				CLANG_CXX_LANGUAGE_STANDARD = "gnu++0x";
				CLANG_CXX_LIBRARY = "libc++";
				CLANG_ENABLE_MODULES = YES;
				CLANG_ENABLE_OBJC_ARC = YES;
				CLANG_WARN_BOOL_CONVERSION = YES;
				CLANG_WARN_CONSTANT_CONVERSION = YES;
				CLANG_WARN_DIRECT_OBJC_ISA_USAGE = YES_ERROR;
				CLANG_WARN_DOCUMENTATION_COMMENTS = YES;
				CLANG_WARN_EMPTY_BODY = YES;
				CLANG_WARN_ENUM_CONVERSION = YES;
				CLANG_WARN_INFINITE_RECURSION = YES;
				CLANG_WARN_INT_CONVERSION = YES;
				CLANG_WARN_OBJC_ROOT_CLASS = YES_ERROR;
				CLANG_WARN_SUSPICIOUS_MOVE = YES;
				CLANG_WARN_UNREACHABLE_CODE = YES;
				CLANG_WARN__DUPLICATE_METHOD_MATCH = YES;
				"CODE_SIGN_IDENTITY[sdk=iphoneos*]" = "iPhone Developer";
				COPY_PHASE_STRIP = NO;
				DEBUG_INFORMATION_FORMAT = "dwarf-with-dsym";
				ENABLE_NS_ASSERTIONS = NO;
				ENABLE_STRICT_OBJC_MSGSEND = YES;
				GCC_C_LANGUAGE_STANDARD = gnu99;
				GCC_NO_COMMON_BLOCKS = YES;
				GCC_WARN_64_TO_32_BIT_CONVERSION = YES;
				GCC_WARN_ABOUT_RETURN_TYPE = YES_ERROR;
				GCC_WARN_UNDECLARED_SELECTOR = YES;
				GCC_WARN_UNINITIALIZED_AUTOS = YES_AGGRESSIVE;
				GCC_WARN_UNUSED_FUNCTION = YES;
				GCC_WARN_UNUSED_VARIABLE = YES;
				IPHONEOS_DEPLOYMENT_TARGET = 10.2;
				MTL_ENABLE_DEBUG_INFO = NO;
				SDKROOT = iphoneos;
				SWIFT_OPTIMIZATION_LEVEL = "-Owholemodule";
				TARGETED_DEVICE_FAMILY = "1,2";
				VALIDATE_PRODUCT = YES;
			};
			name = Release;
		};
		5CA7278C1E73C7590072D6CC /* Debug */ = {
			isa = XCBuildConfiguration;
			baseConfigurationReference = 97C9B833F7809A471963D866 /* Pods-CuratedPassport.debug.xcconfig */;
			buildSettings = {
				ASSETCATALOG_COMPILER_APPICON_NAME = AppIcon;
				DEVELOPMENT_TEAM = 696CWE7V3A;
				INFOPLIST_FILE = CuratedPassport/Info.plist;
				IPHONEOS_DEPLOYMENT_TARGET = 8.0;
				LD_RUNPATH_SEARCH_PATHS = "$(inherited) @executable_path/Frameworks";
				PRODUCT_BUNDLE_IDENTIFIER = com.iccorg.CuratedPassport;
				PRODUCT_NAME = "$(TARGET_NAME)";
				SWIFT_OBJC_BRIDGING_HEADER = CPThird/CPHeader.h;
				SWIFT_VERSION = 3.0;
			};
			name = Debug;
		};
		5CA7278D1E73C7590072D6CC /* Release */ = {
			isa = XCBuildConfiguration;
			baseConfigurationReference = 7155A26D009DBE4690C86F5E /* Pods-CuratedPassport.release.xcconfig */;
			buildSettings = {
				ASSETCATALOG_COMPILER_APPICON_NAME = AppIcon;
				DEVELOPMENT_TEAM = 696CWE7V3A;
				INFOPLIST_FILE = CuratedPassport/Info.plist;
				IPHONEOS_DEPLOYMENT_TARGET = 8.0;
				LD_RUNPATH_SEARCH_PATHS = "$(inherited) @executable_path/Frameworks";
				PRODUCT_BUNDLE_IDENTIFIER = com.iccorg.CuratedPassport;
				PRODUCT_NAME = "$(TARGET_NAME)";
				SWIFT_OBJC_BRIDGING_HEADER = CPThird/CPHeader.h;
				SWIFT_VERSION = 3.0;
			};
			name = Release;
		};
/* End XCBuildConfiguration section */

/* Begin XCConfigurationList section */
		5CA727741E73C7580072D6CC /* Build configuration list for PBXProject "CuratedPassport" */ = {
			isa = XCConfigurationList;
			buildConfigurations = (
				5CA727891E73C7590072D6CC /* Debug */,
				5CA7278A1E73C7590072D6CC /* Release */,
			);
			defaultConfigurationIsVisible = 0;
			defaultConfigurationName = Release;
		};
		5CA7278B1E73C7590072D6CC /* Build configuration list for PBXNativeTarget "CuratedPassport" */ = {
			isa = XCConfigurationList;
			buildConfigurations = (
				5CA7278C1E73C7590072D6CC /* Debug */,
				5CA7278D1E73C7590072D6CC /* Release */,
			);
			defaultConfigurationIsVisible = 0;
			defaultConfigurationName = Release;
		};
/* End XCConfigurationList section */
	};
	rootObject = 5CA727711E73C7580072D6CC /* Project object */;
}
